// !$*UTF8*$!
{
	archiveVersion = 1;
	classes = {
	};
	objectVersion = 56;
	objects = {

/* Begin PBXBuildFile section */
		5A15CF442967A20000868714 /* CustomTextField.swift in Sources */ = {isa = PBXBuildFile; fileRef = 5A15CF432967A20000868714 /* CustomTextField.swift */; };
		5A15CF462967A4D900868714 /* CustomSecureField.swift in Sources */ = {isa = PBXBuildFile; fileRef = 5A15CF452967A4D900868714 /* CustomSecureField.swift */; };
		5A31B68A29642F22007153E0 /* MessageInputView.swift in Sources */ = {isa = PBXBuildFile; fileRef = 5A31B68929642F22007153E0 /* MessageInputView.swift */; };
		5A31B68C29642F7B007153E0 /* ChatView.swift in Sources */ = {isa = PBXBuildFile; fileRef = 5A31B68B29642F7B007153E0 /* ChatView.swift */; };
		5A31B68F29643066007153E0 /* ChatBubble.swift in Sources */ = {isa = PBXBuildFile; fileRef = 5A31B68E29643066007153E0 /* ChatBubble.swift */; };
		5A31B692296431C9007153E0 /* MockMessage.swift in Sources */ = {isa = PBXBuildFile; fileRef = 5A31B691296431C9007153E0 /* MockMessage.swift */; };
		5A31B6942964F7C3007153E0 /* MessageView.swift in Sources */ = {isa = PBXBuildFile; fileRef = 5A31B6932964F7C3007153E0 /* MessageView.swift */; };
		5A31B6962964F8A6007153E0 /* NewMessageView.swift in Sources */ = {isa = PBXBuildFile; fileRef = 5A31B6952964F8A6007153E0 /* NewMessageView.swift */; };
		5A31B6992964FAC9007153E0 /* UserProfileView.swift in Sources */ = {isa = PBXBuildFile; fileRef = 5A31B6982964FAC9007153E0 /* UserProfileView.swift */; };
		5A31B69B2964FB3C007153E0 /* ProfileActionButtonView.swift in Sources */ = {isa = PBXBuildFile; fileRef = 5A31B69A2964FB3C007153E0 /* ProfileActionButtonView.swift */; };
		5A31B69D2964FF96007153E0 /* ProfileHeaderView.swift in Sources */ = {isa = PBXBuildFile; fileRef = 5A31B69C2964FF96007153E0 /* ProfileHeaderView.swift */; };
		5A31B69F2964FF9D007153E0 /* FilterButtonView.swift in Sources */ = {isa = PBXBuildFile; fileRef = 5A31B69E2964FF9D007153E0 /* FilterButtonView.swift */; };
		5A31B6A22965B84F007153E0 /* NewTweetView.swift in Sources */ = {isa = PBXBuildFile; fileRef = 5A31B6A12965B84F007153E0 /* NewTweetView.swift */; };
		5A31B6A929664D68007153E0 /* LoginView.swift in Sources */ = {isa = PBXBuildFile; fileRef = 5A31B6A829664D68007153E0 /* LoginView.swift */; };
		5A31B6AB29664D70007153E0 /* RegistrationView.swift in Sources */ = {isa = PBXBuildFile; fileRef = 5A31B6AA29664D70007153E0 /* RegistrationView.swift */; };
		5A4468BA2961E18C00041E02 /* ConversationView.swift in Sources */ = {isa = PBXBuildFile; fileRef = 5A4468B92961E18C00041E02 /* ConversationView.swift */; };
		5A4468BC2961E19300041E02 /* ConversationCell.swift in Sources */ = {isa = PBXBuildFile; fileRef = 5A4468BB2961E19300041E02 /* ConversationCell.swift */; };
		5A594409297ED6C8009C03BA /* FeedViewModel.swift in Sources */ = {isa = PBXBuildFile; fileRef = 5A594408297ED6C8009C03BA /* FeedViewModel.swift */; };
		5A59440B297ED6F4009C03BA /* Tweet.swift in Sources */ = {isa = PBXBuildFile; fileRef = 5A59440A297ED6F4009C03BA /* Tweet.swift */; };
		5A59440D297FBCF8009C03BA /* TweetDetailView.swift in Sources */ = {isa = PBXBuildFile; fileRef = 5A59440C297FBCF8009C03BA /* TweetDetailView.swift */; };
		5A59440F297FBFDE009C03BA /* TweetActionsView.swift in Sources */ = {isa = PBXBuildFile; fileRef = 5A59440E297FBFDE009C03BA /* TweetActionsView.swift */; };
		5A594411297FC15E009C03BA /* TweetActionViewModel.swift in Sources */ = {isa = PBXBuildFile; fileRef = 5A594410297FC15E009C03BA /* TweetActionViewModel.swift */; };
		5A7DF56D296185630027B1B1 /* Twitter_SwiftUI_Clone_UdemyApp.swift in Sources */ = {isa = PBXBuildFile; fileRef = 5A7DF56C296185630027B1B1 /* Twitter_SwiftUI_Clone_UdemyApp.swift */; };
		5A7DF56F296185630027B1B1 /* ContentView.swift in Sources */ = {isa = PBXBuildFile; fileRef = 5A7DF56E296185630027B1B1 /* ContentView.swift */; };
		5A7DF571296185630027B1B1 /* Assets.xcassets in Resources */ = {isa = PBXBuildFile; fileRef = 5A7DF570296185630027B1B1 /* Assets.xcassets */; };
		5A7DF574296185630027B1B1 /* Preview Assets.xcassets in Resources */ = {isa = PBXBuildFile; fileRef = 5A7DF573296185630027B1B1 /* Preview Assets.xcassets */; };
		5A7DF57F2961C49F0027B1B1 /* FeedView.swift in Sources */ = {isa = PBXBuildFile; fileRef = 5A7DF57E2961C49F0027B1B1 /* FeedView.swift */; };
		5A7DF5812961C6840027B1B1 /* TweetCell.swift in Sources */ = {isa = PBXBuildFile; fileRef = 5A7DF5802961C6840027B1B1 /* TweetCell.swift */; };
		5A7DF5832961CA3E0027B1B1 /* SearchView.swift in Sources */ = {isa = PBXBuildFile; fileRef = 5A7DF5822961CA3E0027B1B1 /* SearchView.swift */; };
		5A7DF5872961CA8E0027B1B1 /* SearchBar.swift in Sources */ = {isa = PBXBuildFile; fileRef = 5A7DF5862961CA8E0027B1B1 /* SearchBar.swift */; };
		5A7DF5892961CC270027B1B1 /* UserCell.swift in Sources */ = {isa = PBXBuildFile; fileRef = 5A7DF5882961CC270027B1B1 /* UserCell.swift */; };
		5AA321A12969349500E42BFF /* ImagePicker.swift in Sources */ = {isa = PBXBuildFile; fileRef = 5AA321A02969349500E42BFF /* ImagePicker.swift */; };
		5AA321AE29694AA200E42BFF /* GoogleService-Info.plist in Resources */ = {isa = PBXBuildFile; fileRef = 5AA321AD29694AA200E42BFF /* GoogleService-Info.plist */; };
		5AA321B129694B1200E42BFF /* FirebaseAuth in Frameworks */ = {isa = PBXBuildFile; productRef = 5AA321B029694B1200E42BFF /* FirebaseAuth */; };
		5AA321B329694B1200E42BFF /* FirebaseFirestore in Frameworks */ = {isa = PBXBuildFile; productRef = 5AA321B229694B1200E42BFF /* FirebaseFirestore */; };
		5AA321B529694B1200E42BFF /* FirebaseFunctions in Frameworks */ = {isa = PBXBuildFile; productRef = 5AA321B429694B1200E42BFF /* FirebaseFunctions */; };
		5AA321B729694B1200E42BFF /* FirebaseStorage in Frameworks */ = {isa = PBXBuildFile; productRef = 5AA321B629694B1200E42BFF /* FirebaseStorage */; };
		5AA321BA29694BFA00E42BFF /* AuthViewModel.swift in Sources */ = {isa = PBXBuildFile; fileRef = 5AA321B929694BFA00E42BFF /* AuthViewModel.swift */; };
		5AA321BC296AB6F000E42BFF /* User.swift in Sources */ = {isa = PBXBuildFile; fileRef = 5AA321BB296AB6F000E42BFF /* User.swift */; };
		5AA321BF296ABAB200E42BFF /* Kingfisher in Frameworks */ = {isa = PBXBuildFile; productRef = 5AA321BE296ABAB200E42BFF /* Kingfisher */; };
		5AA321C1296ABB2200E42BFF /* SearchViewModel.swift in Sources */ = {isa = PBXBuildFile; fileRef = 5AA321C0296ABB2200E42BFF /* SearchViewModel.swift */; };
		5AA321C3296ABB7200E42BFF /* Constants.swift in Sources */ = {isa = PBXBuildFile; fileRef = 5AA321C2296ABB7200E42BFF /* Constants.swift */; };
		5AA321C5296AD14A00E42BFF /* ProfileViewModel.swift in Sources */ = {isa = PBXBuildFile; fileRef = 5AA321C4296AD14A00E42BFF /* ProfileViewModel.swift */; };
		5AA321C7296AE42500E42BFF /* UploadTweetViewModel.swift in Sources */ = {isa = PBXBuildFile; fileRef = 5AA321C6296AE42500E42BFF /* UploadTweetViewModel.swift */; };
/* End PBXBuildFile section */

/* Begin PBXFileReference section */
		5A15CF432967A20000868714 /* CustomTextField.swift */ = {isa = PBXFileReference; lastKnownFileType = sourcecode.swift; path = CustomTextField.swift; sourceTree = "<group>"; };
		5A15CF452967A4D900868714 /* CustomSecureField.swift */ = {isa = PBXFileReference; lastKnownFileType = sourcecode.swift; path = CustomSecureField.swift; sourceTree = "<group>"; };
		5A31B68929642F22007153E0 /* MessageInputView.swift */ = {isa = PBXFileReference; lastKnownFileType = sourcecode.swift; path = MessageInputView.swift; sourceTree = "<group>"; };
		5A31B68B29642F7B007153E0 /* ChatView.swift */ = {isa = PBXFileReference; lastKnownFileType = sourcecode.swift; path = ChatView.swift; sourceTree = "<group>"; };
		5A31B68E29643066007153E0 /* ChatBubble.swift */ = {isa = PBXFileReference; lastKnownFileType = sourcecode.swift; path = ChatBubble.swift; sourceTree = "<group>"; };
		5A31B691296431C9007153E0 /* MockMessage.swift */ = {isa = PBXFileReference; lastKnownFileType = sourcecode.swift; path = MockMessage.swift; sourceTree = "<group>"; };
		5A31B6932964F7C3007153E0 /* MessageView.swift */ = {isa = PBXFileReference; lastKnownFileType = sourcecode.swift; path = MessageView.swift; sourceTree = "<group>"; };
		5A31B6952964F8A6007153E0 /* NewMessageView.swift */ = {isa = PBXFileReference; lastKnownFileType = sourcecode.swift; path = NewMessageView.swift; sourceTree = "<group>"; };
		5A31B6982964FAC9007153E0 /* UserProfileView.swift */ = {isa = PBXFileReference; lastKnownFileType = sourcecode.swift; path = UserProfileView.swift; sourceTree = "<group>"; };
		5A31B69A2964FB3C007153E0 /* ProfileActionButtonView.swift */ = {isa = PBXFileReference; lastKnownFileType = sourcecode.swift; path = ProfileActionButtonView.swift; sourceTree = "<group>"; };
		5A31B69C2964FF96007153E0 /* ProfileHeaderView.swift */ = {isa = PBXFileReference; lastKnownFileType = sourcecode.swift; path = ProfileHeaderView.swift; sourceTree = "<group>"; };
		5A31B69E2964FF9D007153E0 /* FilterButtonView.swift */ = {isa = PBXFileReference; lastKnownFileType = sourcecode.swift; path = FilterButtonView.swift; sourceTree = "<group>"; };
		5A31B6A12965B84F007153E0 /* NewTweetView.swift */ = {isa = PBXFileReference; lastKnownFileType = sourcecode.swift; path = NewTweetView.swift; sourceTree = "<group>"; };
		5A31B6A829664D68007153E0 /* LoginView.swift */ = {isa = PBXFileReference; lastKnownFileType = sourcecode.swift; path = LoginView.swift; sourceTree = "<group>"; };
		5A31B6AA29664D70007153E0 /* RegistrationView.swift */ = {isa = PBXFileReference; lastKnownFileType = sourcecode.swift; path = RegistrationView.swift; sourceTree = "<group>"; };
		5A4468B92961E18C00041E02 /* ConversationView.swift */ = {isa = PBXFileReference; lastKnownFileType = sourcecode.swift; path = ConversationView.swift; sourceTree = "<group>"; };
		5A4468BB2961E19300041E02 /* ConversationCell.swift */ = {isa = PBXFileReference; lastKnownFileType = sourcecode.swift; path = ConversationCell.swift; sourceTree = "<group>"; };
		5A594408297ED6C8009C03BA /* FeedViewModel.swift */ = {isa = PBXFileReference; lastKnownFileType = sourcecode.swift; path = FeedViewModel.swift; sourceTree = "<group>"; };
		5A59440A297ED6F4009C03BA /* Tweet.swift */ = {isa = PBXFileReference; lastKnownFileType = sourcecode.swift; path = Tweet.swift; sourceTree = "<group>"; };
		5A59440C297FBCF8009C03BA /* TweetDetailView.swift */ = {isa = PBXFileReference; lastKnownFileType = sourcecode.swift; path = TweetDetailView.swift; sourceTree = "<group>"; };
		5A59440E297FBFDE009C03BA /* TweetActionsView.swift */ = {isa = PBXFileReference; lastKnownFileType = sourcecode.swift; path = TweetActionsView.swift; sourceTree = "<group>"; };
		5A594410297FC15E009C03BA /* TweetActionViewModel.swift */ = {isa = PBXFileReference; lastKnownFileType = sourcecode.swift; path = TweetActionViewModel.swift; sourceTree = "<group>"; };
		5A7DF569296185630027B1B1 /* Twitter SwiftUI Clone Udemy.app */ = {isa = PBXFileReference; explicitFileType = wrapper.application; includeInIndex = 0; path = "Twitter SwiftUI Clone Udemy.app"; sourceTree = BUILT_PRODUCTS_DIR; };
		5A7DF56C296185630027B1B1 /* Twitter_SwiftUI_Clone_UdemyApp.swift */ = {isa = PBXFileReference; lastKnownFileType = sourcecode.swift; path = Twitter_SwiftUI_Clone_UdemyApp.swift; sourceTree = "<group>"; };
		5A7DF56E296185630027B1B1 /* ContentView.swift */ = {isa = PBXFileReference; lastKnownFileType = sourcecode.swift; path = ContentView.swift; sourceTree = "<group>"; };
		5A7DF570296185630027B1B1 /* Assets.xcassets */ = {isa = PBXFileReference; lastKnownFileType = folder.assetcatalog; path = Assets.xcassets; sourceTree = "<group>"; };
		5A7DF573296185630027B1B1 /* Preview Assets.xcassets */ = {isa = PBXFileReference; lastKnownFileType = folder.assetcatalog; path = "Preview Assets.xcassets"; sourceTree = "<group>"; };
		5A7DF57E2961C49F0027B1B1 /* FeedView.swift */ = {isa = PBXFileReference; lastKnownFileType = sourcecode.swift; path = FeedView.swift; sourceTree = "<group>"; };
		5A7DF5802961C6840027B1B1 /* TweetCell.swift */ = {isa = PBXFileReference; lastKnownFileType = sourcecode.swift; path = TweetCell.swift; sourceTree = "<group>"; };
		5A7DF5822961CA3E0027B1B1 /* SearchView.swift */ = {isa = PBXFileReference; lastKnownFileType = sourcecode.swift; path = SearchView.swift; sourceTree = "<group>"; };
		5A7DF5862961CA8E0027B1B1 /* SearchBar.swift */ = {isa = PBXFileReference; lastKnownFileType = sourcecode.swift; path = SearchBar.swift; sourceTree = "<group>"; };
		5A7DF5882961CC270027B1B1 /* UserCell.swift */ = {isa = PBXFileReference; lastKnownFileType = sourcecode.swift; path = UserCell.swift; sourceTree = "<group>"; };
		5AA321A02969349500E42BFF /* ImagePicker.swift */ = {isa = PBXFileReference; lastKnownFileType = sourcecode.swift; path = ImagePicker.swift; sourceTree = "<group>"; };
		5AA321AD29694AA200E42BFF /* GoogleService-Info.plist */ = {isa = PBXFileReference; fileEncoding = 4; lastKnownFileType = text.plist.xml; path = "GoogleService-Info.plist"; sourceTree = "<group>"; };
		5AA321B929694BFA00E42BFF /* AuthViewModel.swift */ = {isa = PBXFileReference; lastKnownFileType = sourcecode.swift; path = AuthViewModel.swift; sourceTree = "<group>"; };
		5AA321BB296AB6F000E42BFF /* User.swift */ = {isa = PBXFileReference; lastKnownFileType = sourcecode.swift; path = User.swift; sourceTree = "<group>"; };
		5AA321C0296ABB2200E42BFF /* SearchViewModel.swift */ = {isa = PBXFileReference; lastKnownFileType = sourcecode.swift; path = SearchViewModel.swift; sourceTree = "<group>"; };
		5AA321C2296ABB7200E42BFF /* Constants.swift */ = {isa = PBXFileReference; lastKnownFileType = sourcecode.swift; path = Constants.swift; sourceTree = "<group>"; };
		5AA321C4296AD14A00E42BFF /* ProfileViewModel.swift */ = {isa = PBXFileReference; lastKnownFileType = sourcecode.swift; path = ProfileViewModel.swift; sourceTree = "<group>"; };
		5AA321C6296AE42500E42BFF /* UploadTweetViewModel.swift */ = {isa = PBXFileReference; lastKnownFileType = sourcecode.swift; path = UploadTweetViewModel.swift; sourceTree = "<group>"; };
/* End PBXFileReference section */

/* Begin PBXFrameworksBuildPhase section */
		5A7DF566296185630027B1B1 /* Frameworks */ = {
			isa = PBXFrameworksBuildPhase;
			buildActionMask = 2147483647;
			files = (
				5AA321B529694B1200E42BFF /* FirebaseFunctions in Frameworks */,
				5AA321B729694B1200E42BFF /* FirebaseStorage in Frameworks */,
				5AA321B129694B1200E42BFF /* FirebaseAuth in Frameworks */,
				5AA321B329694B1200E42BFF /* FirebaseFirestore in Frameworks */,
				5AA321BF296ABAB200E42BFF /* Kingfisher in Frameworks */,
			);
			runOnlyForDeploymentPostprocessing = 0;
		};
/* End PBXFrameworksBuildPhase section */

/* Begin PBXGroup section */
		5A31B6902964319B007153E0 /* Chat */ = {
			isa = PBXGroup;
			children = (
				5A31B68B29642F7B007153E0 /* ChatView.swift */,
				5A31B68929642F22007153E0 /* MessageInputView.swift */,
				5A31B6932964F7C3007153E0 /* MessageView.swift */,
				5A31B68E29643066007153E0 /* ChatBubble.swift */,
			);
			path = Chat;
			sourceTree = "<group>";
		};
		5A31B6972964FAC2007153E0 /* Profile */ = {
			isa = PBXGroup;
			children = (
				5A31B6982964FAC9007153E0 /* UserProfileView.swift */,
				5A31B69C2964FF96007153E0 /* ProfileHeaderView.swift */,
				5A31B69A2964FB3C007153E0 /* ProfileActionButtonView.swift */,
				5A31B69E2964FF9D007153E0 /* FilterButtonView.swift */,
			);
			path = Profile;
			sourceTree = "<group>";
		};
		5A31B6A02965B843007153E0 /* Tweets */ = {
			isa = PBXGroup;
			children = (
				5A31B6A12965B84F007153E0 /* NewTweetView.swift */,
				5A59440C297FBCF8009C03BA /* TweetDetailView.swift */,
			);
			path = Tweets;
			sourceTree = "<group>";
		};
		5A31B6A32965BE7A007153E0 /* Utils */ = {
			isa = PBXGroup;
			children = (
				5A31B6A42965BE87007153E0 /* Views */,
				5AA321C2296ABB7200E42BFF /* Constants.swift */,
			);
			path = Utils;
			sourceTree = "<group>";
		};
		5A31B6A42965BE87007153E0 /* Views */ = {
			isa = PBXGroup;
			children = (
				5A15CF432967A20000868714 /* CustomTextField.swift */,
				5A15CF452967A4D900868714 /* CustomSecureField.swift */,
				5AA321A02969349500E42BFF /* ImagePicker.swift */,
			);
			path = Views;
			sourceTree = "<group>";
		};
		5A31B6A729664D5B007153E0 /* Authentication */ = {
			isa = PBXGroup;
			children = (
				5A31B6A829664D68007153E0 /* LoginView.swift */,
				5A31B6AA29664D70007153E0 /* RegistrationView.swift */,
			);
			name = Authentication;
			path = "며소두샻ㅁ샤ㅐㅜ";
			sourceTree = "<group>";
		};
		5A4468B82961E17800041E02 /* Messages */ = {
			isa = PBXGroup;
			children = (
				5A31B6902964319B007153E0 /* Chat */,
				5A31B6952964F8A6007153E0 /* NewMessageView.swift */,
				5A4468B92961E18C00041E02 /* ConversationView.swift */,
				5A4468BB2961E19300041E02 /* ConversationCell.swift */,
			);
			path = Messages;
			sourceTree = "<group>";
		};
		5A7DF560296185630027B1B1 = {
			isa = PBXGroup;
			children = (
				5A7DF56B296185630027B1B1 /* Twitter SwiftUI Clone Udemy */,
				5A7DF56A296185630027B1B1 /* Products */,
			);
			sourceTree = "<group>";
		};
		5A7DF56A296185630027B1B1 /* Products */ = {
			isa = PBXGroup;
			children = (
				5A7DF569296185630027B1B1 /* Twitter SwiftUI Clone Udemy.app */,
			);
			name = Products;
			sourceTree = "<group>";
		};
		5A7DF56B296185630027B1B1 /* Twitter SwiftUI Clone Udemy */ = {
			isa = PBXGroup;
			children = (
				5A7DF56C296185630027B1B1 /* Twitter_SwiftUI_Clone_UdemyApp.swift */,
				5A31B6A32965BE7A007153E0 /* Utils */,
				5A7DF57B2961C4800027B1B1 /* Model */,
				5AA321B829694BED00E42BFF /* ViewModel */,
				5A7DF57C2961C4860027B1B1 /* View */,
				5A7DF570296185630027B1B1 /* Assets.xcassets */,
				5AA321AD29694AA200E42BFF /* GoogleService-Info.plist */,
				5A7DF572296185630027B1B1 /* Preview Content */,
			);
			path = "Twitter SwiftUI Clone Udemy";
			sourceTree = "<group>";
		};
		5A7DF572296185630027B1B1 /* Preview Content */ = {
			isa = PBXGroup;
			children = (
				5A7DF573296185630027B1B1 /* Preview Assets.xcassets */,
			);
			path = "Preview Content";
			sourceTree = "<group>";
		};
		5A7DF57B2961C4800027B1B1 /* Model */ = {
			isa = PBXGroup;
			children = (
				5A31B691296431C9007153E0 /* MockMessage.swift */,
				5A59440A297ED6F4009C03BA /* Tweet.swift */,
				5AA321BB296AB6F000E42BFF /* User.swift */,
			);
			path = Model;
			sourceTree = "<group>";
		};
		5A7DF57C2961C4860027B1B1 /* View */ = {
			isa = PBXGroup;
			children = (
				5A7DF56E296185630027B1B1 /* ContentView.swift */,
				5A31B6A729664D5B007153E0 /* Authentication */,
				5A31B6A02965B843007153E0 /* Tweets */,
				5A31B6972964FAC2007153E0 /* Profile */,
				5A7DF5842961CA430027B1B1 /* Feed */,
				5A7DF5852961CA4C0027B1B1 /* Search */,
				5A4468B82961E17800041E02 /* Messages */,
			);
			path = View;
			sourceTree = "<group>";
		};
		5A7DF5842961CA430027B1B1 /* Feed */ = {
			isa = PBXGroup;
			children = (
				5A7DF57E2961C49F0027B1B1 /* FeedView.swift */,
				5A7DF5802961C6840027B1B1 /* TweetCell.swift */,
				5A59440E297FBFDE009C03BA /* TweetActionsView.swift */,
			);
			path = Feed;
			sourceTree = "<group>";
		};
		5A7DF5852961CA4C0027B1B1 /* Search */ = {
			isa = PBXGroup;
			children = (
				5A7DF5822961CA3E0027B1B1 /* SearchView.swift */,
				5A7DF5862961CA8E0027B1B1 /* SearchBar.swift */,
				5A7DF5882961CC270027B1B1 /* UserCell.swift */,
			);
			path = Search;
			sourceTree = "<group>";
		};
		5AA321B829694BED00E42BFF /* ViewModel */ = {
			isa = PBXGroup;
			children = (
				5AA321B929694BFA00E42BFF /* AuthViewModel.swift */,
				5A594408297ED6C8009C03BA /* FeedViewModel.swift */,
				5AA321C0296ABB2200E42BFF /* SearchViewModel.swift */,
				5AA321C4296AD14A00E42BFF /* ProfileViewModel.swift */,
				5AA321C6296AE42500E42BFF /* UploadTweetViewModel.swift */,
				5A594410297FC15E009C03BA /* TweetActionViewModel.swift */,
			);
			path = ViewModel;
			sourceTree = "<group>";
		};
/* End PBXGroup section */

/* Begin PBXNativeTarget section */
		5A7DF568296185630027B1B1 /* Twitter SwiftUI Clone Udemy */ = {
			isa = PBXNativeTarget;
			buildConfigurationList = 5A7DF577296185630027B1B1 /* Build configuration list for PBXNativeTarget "Twitter SwiftUI Clone Udemy" */;
			buildPhases = (
				5A7DF565296185630027B1B1 /* Sources */,
				5A7DF566296185630027B1B1 /* Frameworks */,
				5A7DF567296185630027B1B1 /* Resources */,
			);
			buildRules = (
			);
			dependencies = (
			);
			name = "Twitter SwiftUI Clone Udemy";
			packageProductDependencies = (
				5AA321B029694B1200E42BFF /* FirebaseAuth */,
				5AA321B229694B1200E42BFF /* FirebaseFirestore */,
				5AA321B429694B1200E42BFF /* FirebaseFunctions */,
				5AA321B629694B1200E42BFF /* FirebaseStorage */,
				5AA321BE296ABAB200E42BFF /* Kingfisher */,
			);
			productName = "Twitter SwiftUI Clone Udemy";
			productReference = 5A7DF569296185630027B1B1 /* Twitter SwiftUI Clone Udemy.app */;
			productType = "com.apple.product-type.application";
		};
/* End PBXNativeTarget section */

/* Begin PBXProject section */
		5A7DF561296185630027B1B1 /* Project object */ = {
			isa = PBXProject;
			attributes = {
				BuildIndependentTargetsInParallel = 1;
				LastSwiftUpdateCheck = 1420;
				LastUpgradeCheck = 1420;
				TargetAttributes = {
					5A7DF568296185630027B1B1 = {
						CreatedOnToolsVersion = 14.2;
					};
				};
			};
			buildConfigurationList = 5A7DF564296185630027B1B1 /* Build configuration list for PBXProject "Twitter SwiftUI Clone Udemy" */;
			compatibilityVersion = "Xcode 14.0";
			developmentRegion = en;
			hasScannedForEncodings = 0;
			knownRegions = (
				en,
				Base,
			);
			mainGroup = 5A7DF560296185630027B1B1;
			packageReferences = (
				5AA321AF29694B1200E42BFF /* XCRemoteSwiftPackageReference "firebase-ios-sdk" */,
				5AA321BD296ABAB200E42BFF /* XCRemoteSwiftPackageReference "Kingfisher" */,
			);
			productRefGroup = 5A7DF56A296185630027B1B1 /* Products */;
			projectDirPath = "";
			projectRoot = "";
			targets = (
				5A7DF568296185630027B1B1 /* Twitter SwiftUI Clone Udemy */,
			);
		};
/* End PBXProject section */

/* Begin PBXResourcesBuildPhase section */
		5A7DF567296185630027B1B1 /* Resources */ = {
			isa = PBXResourcesBuildPhase;
			buildActionMask = 2147483647;
			files = (
				5A7DF574296185630027B1B1 /* Preview Assets.xcassets in Resources */,
				5A7DF571296185630027B1B1 /* Assets.xcassets in Resources */,
				5AA321AE29694AA200E42BFF /* GoogleService-Info.plist in Resources */,
			);
			runOnlyForDeploymentPostprocessing = 0;
		};
/* End PBXResourcesBuildPhase section */

/* Begin PBXSourcesBuildPhase section */
		5A7DF565296185630027B1B1 /* Sources */ = {
			isa = PBXSourcesBuildPhase;
			buildActionMask = 2147483647;
			files = (
				5A7DF5832961CA3E0027B1B1 /* SearchView.swift in Sources */,
				5A31B68A29642F22007153E0 /* MessageInputView.swift in Sources */,
				5AA321A12969349500E42BFF /* ImagePicker.swift in Sources */,
				5A7DF56F296185630027B1B1 /* ContentView.swift in Sources */,
				5A31B69B2964FB3C007153E0 /* ProfileActionButtonView.swift in Sources */,
				5AA321C3296ABB7200E42BFF /* Constants.swift in Sources */,
				5AA321BC296AB6F000E42BFF /* User.swift in Sources */,
				5A15CF442967A20000868714 /* CustomTextField.swift in Sources */,
				5A7DF57F2961C49F0027B1B1 /* FeedView.swift in Sources */,
				5A31B68C29642F7B007153E0 /* ChatView.swift in Sources */,
				5A31B692296431C9007153E0 /* MockMessage.swift in Sources */,
				5A31B6A22965B84F007153E0 /* NewTweetView.swift in Sources */,
				5A31B69F2964FF9D007153E0 /* FilterButtonView.swift in Sources */,
				5A7DF56D296185630027B1B1 /* Twitter_SwiftUI_Clone_UdemyApp.swift in Sources */,
				5A594409297ED6C8009C03BA /* FeedViewModel.swift in Sources */,
				5A7DF5812961C6840027B1B1 /* TweetCell.swift in Sources */,
				5A31B6AB29664D70007153E0 /* RegistrationView.swift in Sources */,
				5A31B68F29643066007153E0 /* ChatBubble.swift in Sources */,
				5A31B6962964F8A6007153E0 /* NewMessageView.swift in Sources */,
				5A7DF5872961CA8E0027B1B1 /* SearchBar.swift in Sources */,
				5A59440F297FBFDE009C03BA /* TweetActionsView.swift in Sources */,
				5A15CF462967A4D900868714 /* CustomSecureField.swift in Sources */,
				5A59440B297ED6F4009C03BA /* Tweet.swift in Sources */,
				5A31B6992964FAC9007153E0 /* UserProfileView.swift in Sources */,
				5A31B6A929664D68007153E0 /* LoginView.swift in Sources */,
				5A31B69D2964FF96007153E0 /* ProfileHeaderView.swift in Sources */,
				5AA321C1296ABB2200E42BFF /* SearchViewModel.swift in Sources */,
				5AA321C5296AD14A00E42BFF /* ProfileViewModel.swift in Sources */,
				5A594411297FC15E009C03BA /* TweetActionViewModel.swift in Sources */,
				5A7DF5892961CC270027B1B1 /* UserCell.swift in Sources */,
				5A4468BA2961E18C00041E02 /* ConversationView.swift in Sources */,
				5A31B6942964F7C3007153E0 /* MessageView.swift in Sources */,
				5AA321C7296AE42500E42BFF /* UploadTweetViewModel.swift in Sources */,
				5AA321BA29694BFA00E42BFF /* AuthViewModel.swift in Sources */,
				5A4468BC2961E19300041E02 /* ConversationCell.swift in Sources */,
				5A59440D297FBCF8009C03BA /* TweetDetailView.swift in Sources */,
			);
			runOnlyForDeploymentPostprocessing = 0;
		};
/* End PBXSourcesBuildPhase section */

/* Begin XCBuildConfiguration section */
		5A7DF575296185630027B1B1 /* Debug */ = {
			isa = XCBuildConfiguration;
			buildSettings = {
				ALWAYS_SEARCH_USER_PATHS = NO;
				CLANG_ANALYZER_NONNULL = YES;
				CLANG_ANALYZER_NUMBER_OBJECT_CONVERSION = YES_AGGRESSIVE;
				CLANG_CXX_LANGUAGE_STANDARD = "gnu++20";
				CLANG_ENABLE_MODULES = YES;
				CLANG_ENABLE_OBJC_ARC = YES;
				CLANG_ENABLE_OBJC_WEAK = YES;
				CLANG_WARN_BLOCK_CAPTURE_AUTORELEASING = YES;
				CLANG_WARN_BOOL_CONVERSION = YES;
				CLANG_WARN_COMMA = YES;
				CLANG_WARN_CONSTANT_CONVERSION = YES;
				CLANG_WARN_DEPRECATED_OBJC_IMPLEMENTATIONS = YES;
				CLANG_WARN_DIRECT_OBJC_ISA_USAGE = YES_ERROR;
				CLANG_WARN_DOCUMENTATION_COMMENTS = YES;
				CLANG_WARN_EMPTY_BODY = YES;
				CLANG_WARN_ENUM_CONVERSION = YES;
				CLANG_WARN_INFINITE_RECURSION = YES;
				CLANG_WARN_INT_CONVERSION = YES;
				CLANG_WARN_NON_LITERAL_NULL_CONVERSION = YES;
				CLANG_WARN_OBJC_IMPLICIT_RETAIN_SELF = YES;
				CLANG_WARN_OBJC_LITERAL_CONVERSION = YES;
				CLANG_WARN_OBJC_ROOT_CLASS = YES_ERROR;
				CLANG_WARN_QUOTED_INCLUDE_IN_FRAMEWORK_HEADER = YES;
				CLANG_WARN_RANGE_LOOP_ANALYSIS = YES;
				CLANG_WARN_STRICT_PROTOTYPES = YES;
				CLANG_WARN_SUSPICIOUS_MOVE = YES;
				CLANG_WARN_UNGUARDED_AVAILABILITY = YES_AGGRESSIVE;
				CLANG_WARN_UNREACHABLE_CODE = YES;
				CLANG_WARN__DUPLICATE_METHOD_MATCH = YES;
				COPY_PHASE_STRIP = NO;
				DEBUG_INFORMATION_FORMAT = dwarf;
				ENABLE_STRICT_OBJC_MSGSEND = YES;
				ENABLE_TESTABILITY = YES;
				GCC_C_LANGUAGE_STANDARD = gnu11;
				GCC_DYNAMIC_NO_PIC = NO;
				GCC_NO_COMMON_BLOCKS = YES;
				GCC_OPTIMIZATION_LEVEL = 0;
				GCC_PREPROCESSOR_DEFINITIONS = (
					"DEBUG=1",
					"$(inherited)",
				);
				GCC_WARN_64_TO_32_BIT_CONVERSION = YES;
				GCC_WARN_ABOUT_RETURN_TYPE = YES_ERROR;
				GCC_WARN_UNDECLARED_SELECTOR = YES;
				GCC_WARN_UNINITIALIZED_AUTOS = YES_AGGRESSIVE;
				GCC_WARN_UNUSED_FUNCTION = YES;
				GCC_WARN_UNUSED_VARIABLE = YES;
				IPHONEOS_DEPLOYMENT_TARGET = 16.2;
				MTL_ENABLE_DEBUG_INFO = INCLUDE_SOURCE;
				MTL_FAST_MATH = YES;
				ONLY_ACTIVE_ARCH = YES;
				SDKROOT = iphoneos;
				SWIFT_ACTIVE_COMPILATION_CONDITIONS = DEBUG;
				SWIFT_OPTIMIZATION_LEVEL = "-Onone";
			};
			name = Debug;
		};
		5A7DF576296185630027B1B1 /* Release */ = {
			isa = XCBuildConfiguration;
			buildSettings = {
				ALWAYS_SEARCH_USER_PATHS = NO;
				CLANG_ANALYZER_NONNULL = YES;
				CLANG_ANALYZER_NUMBER_OBJECT_CONVERSION = YES_AGGRESSIVE;
				CLANG_CXX_LANGUAGE_STANDARD = "gnu++20";
				CLANG_ENABLE_MODULES = YES;
				CLANG_ENABLE_OBJC_ARC = YES;
				CLANG_ENABLE_OBJC_WEAK = YES;
				CLANG_WARN_BLOCK_CAPTURE_AUTORELEASING = YES;
				CLANG_WARN_BOOL_CONVERSION = YES;
				CLANG_WARN_COMMA = YES;
				CLANG_WARN_CONSTANT_CONVERSION = YES;
				CLANG_WARN_DEPRECATED_OBJC_IMPLEMENTATIONS = YES;
				CLANG_WARN_DIRECT_OBJC_ISA_USAGE = YES_ERROR;
				CLANG_WARN_DOCUMENTATION_COMMENTS = YES;
				CLANG_WARN_EMPTY_BODY = YES;
				CLANG_WARN_ENUM_CONVERSION = YES;
				CLANG_WARN_INFINITE_RECURSION = YES;
				CLANG_WARN_INT_CONVERSION = YES;
				CLANG_WARN_NON_LITERAL_NULL_CONVERSION = YES;
				CLANG_WARN_OBJC_IMPLICIT_RETAIN_SELF = YES;
				CLANG_WARN_OBJC_LITERAL_CONVERSION = YES;
				CLANG_WARN_OBJC_ROOT_CLASS = YES_ERROR;
				CLANG_WARN_QUOTED_INCLUDE_IN_FRAMEWORK_HEADER = YES;
				CLANG_WARN_RANGE_LOOP_ANALYSIS = YES;
				CLANG_WARN_STRICT_PROTOTYPES = YES;
				CLANG_WARN_SUSPICIOUS_MOVE = YES;
				CLANG_WARN_UNGUARDED_AVAILABILITY = YES_AGGRESSIVE;
				CLANG_WARN_UNREACHABLE_CODE = YES;
				CLANG_WARN__DUPLICATE_METHOD_MATCH = YES;
				COPY_PHASE_STRIP = NO;
				DEBUG_INFORMATION_FORMAT = "dwarf-with-dsym";
				ENABLE_NS_ASSERTIONS = NO;
				ENABLE_STRICT_OBJC_MSGSEND = YES;
				GCC_C_LANGUAGE_STANDARD = gnu11;
				GCC_NO_COMMON_BLOCKS = YES;
				GCC_WARN_64_TO_32_BIT_CONVERSION = YES;
				GCC_WARN_ABOUT_RETURN_TYPE = YES_ERROR;
				GCC_WARN_UNDECLARED_SELECTOR = YES;
				GCC_WARN_UNINITIALIZED_AUTOS = YES_AGGRESSIVE;
				GCC_WARN_UNUSED_FUNCTION = YES;
				GCC_WARN_UNUSED_VARIABLE = YES;
				IPHONEOS_DEPLOYMENT_TARGET = 16.2;
				MTL_ENABLE_DEBUG_INFO = NO;
				MTL_FAST_MATH = YES;
				SDKROOT = iphoneos;
				SWIFT_COMPILATION_MODE = wholemodule;
				SWIFT_OPTIMIZATION_LEVEL = "-O";
				VALIDATE_PRODUCT = YES;
			};
			name = Release;
		};
		5A7DF578296185630027B1B1 /* Debug */ = {
			isa = XCBuildConfiguration;
			buildSettings = {
				ASSETCATALOG_COMPILER_APPICON_NAME = AppIcon;
				ASSETCATALOG_COMPILER_GLOBAL_ACCENT_COLOR_NAME = AccentColor;
				CODE_SIGN_STYLE = Automatic;
				CURRENT_PROJECT_VERSION = 1;
				DEVELOPMENT_ASSET_PATHS = "\"Twitter SwiftUI Clone Udemy/Preview Content\"";
				DEVELOPMENT_TEAM = 56M5N9M2PX;
				ENABLE_PREVIEWS = YES;
				GENERATE_INFOPLIST_FILE = YES;
				INFOPLIST_KEY_UIApplicationSceneManifest_Generation = YES;
				INFOPLIST_KEY_UIApplicationSupportsIndirectInputEvents = YES;
				INFOPLIST_KEY_UILaunchScreen_Generation = YES;
				INFOPLIST_KEY_UISupportedInterfaceOrientations = UIInterfaceOrientationPortrait;
				INFOPLIST_KEY_UISupportedInterfaceOrientations_iPad = "UIInterfaceOrientationLandscapeLeft UIInterfaceOrientationLandscapeRight UIInterfaceOrientationPortrait UIInterfaceOrientationPortraitUpsideDown";
				IPHONEOS_DEPLOYMENT_TARGET = 16.0;
				LD_RUNPATH_SEARCH_PATHS = (
					"$(inherited)",
					"@executable_path/Frameworks",
				);
				MARKETING_VERSION = 1.0;
				PRODUCT_BUNDLE_IDENTIFIER = dudu.TwitterClone.com;
				PRODUCT_NAME = "$(TARGET_NAME)";
				SUPPORTED_PLATFORMS = "iphoneos iphonesimulator";
				SUPPORTS_MACCATALYST = NO;
				SUPPORTS_MAC_DESIGNED_FOR_IPHONE_IPAD = NO;
				SWIFT_EMIT_LOC_STRINGS = YES;
				SWIFT_VERSION = 5.0;
				TARGETED_DEVICE_FAMILY = 1;
			};
			name = Debug;
		};
		5A7DF579296185630027B1B1 /* Release */ = {
			isa = XCBuildConfiguration;
			buildSettings = {
				ASSETCATALOG_COMPILER_APPICON_NAME = AppIcon;
				ASSETCATALOG_COMPILER_GLOBAL_ACCENT_COLOR_NAME = AccentColor;
				CODE_SIGN_STYLE = Automatic;
				CURRENT_PROJECT_VERSION = 1;
				DEVELOPMENT_ASSET_PATHS = "\"Twitter SwiftUI Clone Udemy/Preview Content\"";
				DEVELOPMENT_TEAM = 56M5N9M2PX;
				ENABLE_PREVIEWS = YES;
				GENERATE_INFOPLIST_FILE = YES;
				INFOPLIST_KEY_UIApplicationSceneManifest_Generation = YES;
				INFOPLIST_KEY_UIApplicationSupportsIndirectInputEvents = YES;
				INFOPLIST_KEY_UILaunchScreen_Generation = YES;
				INFOPLIST_KEY_UISupportedInterfaceOrientations = UIInterfaceOrientationPortrait;
				INFOPLIST_KEY_UISupportedInterfaceOrientations_iPad = "UIInterfaceOrientationLandscapeLeft UIInterfaceOrientationLandscapeRight UIInterfaceOrientationPortrait UIInterfaceOrientationPortraitUpsideDown";
				IPHONEOS_DEPLOYMENT_TARGET = 16.0;
				LD_RUNPATH_SEARCH_PATHS = (
					"$(inherited)",
					"@executable_path/Frameworks",
				);
				MARKETING_VERSION = 1.0;
				PRODUCT_BUNDLE_IDENTIFIER = dudu.TwitterClone.com;
				PRODUCT_NAME = "$(TARGET_NAME)";
				SUPPORTED_PLATFORMS = "iphoneos iphonesimulator";
				SUPPORTS_MACCATALYST = NO;
				SUPPORTS_MAC_DESIGNED_FOR_IPHONE_IPAD = NO;
				SWIFT_EMIT_LOC_STRINGS = YES;
				SWIFT_VERSION = 5.0;
				TARGETED_DEVICE_FAMILY = 1;
			};
			name = Release;
		};
/* End XCBuildConfiguration section */

/* Begin XCConfigurationList section */
		5A7DF564296185630027B1B1 /* Build configuration list for PBXProject "Twitter SwiftUI Clone Udemy" */ = {
			isa = XCConfigurationList;
			buildConfigurations = (
				5A7DF575296185630027B1B1 /* Debug */,
				5A7DF576296185630027B1B1 /* Release */,
			);
			defaultConfigurationIsVisible = 0;
			defaultConfigurationName = Release;
		};
		5A7DF577296185630027B1B1 /* Build configuration list for PBXNativeTarget "Twitter SwiftUI Clone Udemy" */ = {
			isa = XCConfigurationList;
			buildConfigurations = (
				5A7DF578296185630027B1B1 /* Debug */,
				5A7DF579296185630027B1B1 /* Release */,
			);
			defaultConfigurationIsVisible = 0;
			defaultConfigurationName = Release;
		};
/* End XCConfigurationList section */

/* Begin XCRemoteSwiftPackageReference section */
		5AA321AF29694B1200E42BFF /* XCRemoteSwiftPackageReference "firebase-ios-sdk" */ = {
			isa = XCRemoteSwiftPackageReference;
			repositoryURL = "https://github.com/firebase/firebase-ios-sdk";
			requirement = {
				kind = upToNextMajorVersion;
				minimumVersion = 9.0.0;
			};
		};
		5AA321BD296ABAB200E42BFF /* XCRemoteSwiftPackageReference "Kingfisher" */ = {
			isa = XCRemoteSwiftPackageReference;
			repositoryURL = "https://github.com/onevcat/Kingfisher.git";
			requirement = {
				kind = upToNextMajorVersion;
				minimumVersion = 7.0.0;
			};
		};
/* End XCRemoteSwiftPackageReference section */

/* Begin XCSwiftPackageProductDependency section */
		5AA321B029694B1200E42BFF /* FirebaseAuth */ = {
			isa = XCSwiftPackageProductDependency;
			package = 5AA321AF29694B1200E42BFF /* XCRemoteSwiftPackageReference "firebase-ios-sdk" */;
			productName = FirebaseAuth;
		};
		5AA321B229694B1200E42BFF /* FirebaseFirestore */ = {
			isa = XCSwiftPackageProductDependency;
			package = 5AA321AF29694B1200E42BFF /* XCRemoteSwiftPackageReference "firebase-ios-sdk" */;
			productName = FirebaseFirestore;
		};
		5AA321B429694B1200E42BFF /* FirebaseFunctions */ = {
			isa = XCSwiftPackageProductDependency;
			package = 5AA321AF29694B1200E42BFF /* XCRemoteSwiftPackageReference "firebase-ios-sdk" */;
			productName = FirebaseFunctions;
		};
		5AA321B629694B1200E42BFF /* FirebaseStorage */ = {
			isa = XCSwiftPackageProductDependency;
			package = 5AA321AF29694B1200E42BFF /* XCRemoteSwiftPackageReference "firebase-ios-sdk" */;
			productName = FirebaseStorage;
		};
		5AA321BE296ABAB200E42BFF /* Kingfisher */ = {
			isa = XCSwiftPackageProductDependency;
			package = 5AA321BD296ABAB200E42BFF /* XCRemoteSwiftPackageReference "Kingfisher" */;
			productName = Kingfisher;
		};
/* End XCSwiftPackageProductDependency section */
	};
	rootObject = 5A7DF561296185630027B1B1 /* Project object */;
}
